// !$*UTF8*$!
{
	archiveVersion = 1;
	classes = {
	};
	objectVersion = 46;
	objects = {

/* Begin PBXBuildFile section */
		24C7A5591BE8242900E25967 /* Cocoa.framework in Frameworks */ = {isa = PBXBuildFile; fileRef = 24C7A5581BE8242900E25967 /* Cocoa.framework */; };
		24C7A5631BE8242900E25967 /* InfoPlist.strings in Resources */ = {isa = PBXBuildFile; fileRef = 24C7A5611BE8242900E25967 /* InfoPlist.strings */; };
		24C7A5651BE8242900E25967 /* main.m in Sources */ = {isa = PBXBuildFile; fileRef = 24C7A5641BE8242900E25967 /* main.m */; };
		24C7A5691BE8242900E25967 /* Credits.rtf in Resources */ = {isa = PBXBuildFile; fileRef = 24C7A5671BE8242900E25967 /* Credits.rtf */; };
		24C7A56C1BE8242900E25967 /* AppDelegate.m in Sources */ = {isa = PBXBuildFile; fileRef = 24C7A56B1BE8242900E25967 /* AppDelegate.m */; };
		24C7A56F1BE8242900E25967 /* MainMenu.xib in Resources */ = {isa = PBXBuildFile; fileRef = 24C7A56D1BE8242900E25967 /* MainMenu.xib */; };
		24C7A5711BE8242900E25967 /* Images.xcassets in Resources */ = {isa = PBXBuildFile; fileRef = 24C7A5701BE8242900E25967 /* Images.xcassets */; };
		24C7A5781BE8242900E25967 /* XCTest.framework in Frameworks */ = {isa = PBXBuildFile; fileRef = 24C7A5771BE8242900E25967 /* XCTest.framework */; };
		24C7A5791BE8242900E25967 /* Cocoa.framework in Frameworks */ = {isa = PBXBuildFile; fileRef = 24C7A5581BE8242900E25967 /* Cocoa.framework */; };
		24C7A5811BE8242900E25967 /* InfoPlist.strings in Resources */ = {isa = PBXBuildFile; fileRef = 24C7A57F1BE8242900E25967 /* InfoPlist.strings */; };
		24C7A5831BE8242900E25967 /* GitHubTestTests.m in Sources */ = {isa = PBXBuildFile; fileRef = 24C7A5821BE8242900E25967 /* GitHubTestTests.m */; };
/* End PBXBuildFile section */

/* Begin PBXContainerItemProxy section */
		24C7A57A1BE8242900E25967 /* PBXContainerItemProxy */ = {
			isa = PBXContainerItemProxy;
			containerPortal = 24C7A54D1BE8242900E25967 /* Project object */;
			proxyType = 1;
			remoteGlobalIDString = 24C7A5541BE8242900E25967;
			remoteInfo = GitHubTest;
		};
/* End PBXContainerItemProxy section */

/* Begin PBXFileReference section */
		24C7A5551BE8242900E25967 /* GitHubTest.app */ = {isa = PBXFileReference; explicitFileType = wrapper.application; includeInIndex = 0; path = GitHubTest.app; sourceTree = BUILT_PRODUCTS_DIR; };
		24C7A5581BE8242900E25967 /* Cocoa.framework */ = {isa = PBXFileReference; lastKnownFileType = wrapper.framework; name = Cocoa.framework; path = System/Library/Frameworks/Cocoa.framework; sourceTree = SDKROOT; };
		24C7A55B1BE8242900E25967 /* AppKit.framework */ = {isa = PBXFileReference; lastKnownFileType = wrapper.framework; name = AppKit.framework; path = System/Library/Frameworks/AppKit.framework; sourceTree = SDKROOT; };
		24C7A55C1BE8242900E25967 /* CoreData.framework */ = {isa = PBXFileReference; lastKnownFileType = wrapper.framework; name = CoreData.framework; path = System/Library/Frameworks/CoreData.framework; sourceTree = SDKROOT; };
		24C7A55D1BE8242900E25967 /* Foundation.framework */ = {isa = PBXFileReference; lastKnownFileType = wrapper.framework; name = Foundation.framework; path = System/Library/Frameworks/Foundation.framework; sourceTree = SDKROOT; };
		24C7A5601BE8242900E25967 /* GitHubTest-Info.plist */ = {isa = PBXFileReference; lastKnownFileType = text.plist.xml; path = "GitHubTest-Info.plist"; sourceTree = "<group>"; };
		24C7A5621BE8242900E25967 /* en */ = {isa = PBXFileReference; lastKnownFileType = text.plist.strings; name = en; path = en.lproj/InfoPlist.strings; sourceTree = "<group>"; };
		24C7A5641BE8242900E25967 /* main.m */ = {isa = PBXFileReference; lastKnownFileType = sourcecode.c.objc; path = main.m; sourceTree = "<group>"; };
		24C7A5661BE8242900E25967 /* GitHubTest-Prefix.pch */ = {isa = PBXFileReference; lastKnownFileType = sourcecode.c.h; path = "GitHubTest-Prefix.pch"; sourceTree = "<group>"; };
		24C7A5681BE8242900E25967 /* en */ = {isa = PBXFileReference; lastKnownFileType = text.rtf; name = en; path = en.lproj/Credits.rtf; sourceTree = "<group>"; };
		24C7A56A1BE8242900E25967 /* AppDelegate.h */ = {isa = PBXFileReference; lastKnownFileType = sourcecode.c.h; path = AppDelegate.h; sourceTree = "<group>"; };
		24C7A56B1BE8242900E25967 /* AppDelegate.m */ = {isa = PBXFileReference; lastKnownFileType = sourcecode.c.objc; path = AppDelegate.m; sourceTree = "<group>"; };
		24C7A56E1BE8242900E25967 /* Base */ = {isa = PBXFileReference; lastKnownFileType = file.xib; name = Base; path = Base.lproj/MainMenu.xib; sourceTree = "<group>"; };
		24C7A5701BE8242900E25967 /* Images.xcassets */ = {isa = PBXFileReference; lastKnownFileType = folder.assetcatalog; path = Images.xcassets; sourceTree = "<group>"; };
		24C7A5761BE8242900E25967 /* GitHubTestTests.xctest */ = {isa = PBXFileReference; explicitFileType = wrapper.cfbundle; includeInIndex = 0; path = GitHubTestTests.xctest; sourceTree = BUILT_PRODUCTS_DIR; };
		24C7A5771BE8242900E25967 /* XCTest.framework */ = {isa = PBXFileReference; lastKnownFileType = wrapper.framework; name = XCTest.framework; path = Library/Frameworks/XCTest.framework; sourceTree = DEVELOPER_DIR; };
		24C7A57E1BE8242900E25967 /* GitHubTestTests-Info.plist */ = {isa = PBXFileReference; lastKnownFileType = text.plist.xml; path = "GitHubTestTests-Info.plist"; sourceTree = "<group>"; };
		24C7A5801BE8242900E25967 /* en */ = {isa = PBXFileReference; lastKnownFileType = text.plist.strings; name = en; path = en.lproj/InfoPlist.strings; sourceTree = "<group>"; };
		24C7A5821BE8242900E25967 /* GitHubTestTests.m */ = {isa = PBXFileReference; lastKnownFileType = sourcecode.c.objc; path = GitHubTestTests.m; sourceTree = "<group>"; };
/* End PBXFileReference section */

/* Begin PBXFrameworksBuildPhase section */
		24C7A5521BE8242900E25967 /* Frameworks */ = {
			isa = PBXFrameworksBuildPhase;
			buildActionMask = 2147483647;
			files = (
				24C7A5591BE8242900E25967 /* Cocoa.framework in Frameworks */,
			);
			runOnlyForDeploymentPostprocessing = 0;
		};
		24C7A5731BE8242900E25967 /* Frameworks */ = {
			isa = PBXFrameworksBuildPhase;
			buildActionMask = 2147483647;
			files = (
				24C7A5791BE8242900E25967 /* Cocoa.framework in Frameworks */,
				24C7A5781BE8242900E25967 /* XCTest.framework in Frameworks */,
			);
			runOnlyForDeploymentPostprocessing = 0;
		};
/* End PBXFrameworksBuildPhase section */

/* Begin PBXGroup section */
		24C7A54C1BE8242900E25967 = {
			isa = PBXGroup;
			children = (
				24C7A55E1BE8242900E25967 /* GitHubTest */,
				24C7A57C1BE8242900E25967 /* GitHubTestTests */,
				24C7A5571BE8242900E25967 /* Frameworks */,
				24C7A5561BE8242900E25967 /* Products */,
			);
			sourceTree = "<group>";
		};
		24C7A5561BE8242900E25967 /* Products */ = {
			isa = PBXGroup;
			children = (
				24C7A5551BE8242900E25967 /* GitHubTest.app */,
				24C7A5761BE8242900E25967 /* GitHubTestTests.xctest */,
			);
			name = Products;
			sourceTree = "<group>";
		};
		24C7A5571BE8242900E25967 /* Frameworks */ = {
			isa = PBXGroup;
			children = (
				24C7A5581BE8242900E25967 /* Cocoa.framework */,
				24C7A5771BE8242900E25967 /* XCTest.framework */,
				24C7A55A1BE8242900E25967 /* Other Frameworks */,
			);
			name = Frameworks;
			sourceTree = "<group>";
		};
		24C7A55A1BE8242900E25967 /* Other Frameworks */ = {
			isa = PBXGroup;
			children = (
				24C7A55B1BE8242900E25967 /* AppKit.framework */,
				24C7A55C1BE8242900E25967 /* CoreData.framework */,
				24C7A55D1BE8242900E25967 /* Foundation.framework */,
			);
			name = "Other Frameworks";
			sourceTree = "<group>";
		};
		24C7A55E1BE8242900E25967 /* GitHubTest */ = {
			isa = PBXGroup;
			children = (
				24C7A56A1BE8242900E25967 /* AppDelegate.h */,
				24C7A56B1BE8242900E25967 /* AppDelegate.m */,
				24C7A56D1BE8242900E25967 /* MainMenu.xib */,
				24C7A5701BE8242900E25967 /* Images.xcassets */,
				24C7A55F1BE8242900E25967 /* Supporting Files */,
			);
			path = GitHubTest;
			sourceTree = "<group>";
		};
		24C7A55F1BE8242900E25967 /* Supporting Files */ = {
			isa = PBXGroup;
			children = (
				24C7A5601BE8242900E25967 /* GitHubTest-Info.plist */,
				24C7A5611BE8242900E25967 /* InfoPlist.strings */,
				24C7A5641BE8242900E25967 /* main.m */,
				24C7A5661BE8242900E25967 /* GitHubTest-Prefix.pch */,
				24C7A5671BE8242900E25967 /* Credits.rtf */,
			);
			name = "Supporting Files";
			sourceTree = "<group>";
		};
		24C7A57C1BE8242900E25967 /* GitHubTestTests */ = {
			isa = PBXGroup;
			children = (
				24C7A5821BE8242900E25967 /* GitHubTestTests.m */,
				24C7A57D1BE8242900E25967 /* Supporting Files */,
			);
			path = GitHubTestTests;
			sourceTree = "<group>";
		};
		24C7A57D1BE8242900E25967 /* Supporting Files */ = {
			isa = PBXGroup;
			children = (
				24C7A57E1BE8242900E25967 /* GitHubTestTests-Info.plist */,
				24C7A57F1BE8242900E25967 /* InfoPlist.strings */,
			);
			name = "Supporting Files";
			sourceTree = "<group>";
		};
/* End PBXGroup section */

/* Begin PBXNativeTarget section */
		24C7A5541BE8242900E25967 /* GitHubTest */ = {
			isa = PBXNativeTarget;
			buildConfigurationList = 24C7A5861BE8242900E25967 /* Build configuration list for PBXNativeTarget "GitHubTest" */;
			buildPhases = (
				24C7A5511BE8242900E25967 /* Sources */,
				24C7A5521BE8242900E25967 /* Frameworks */,
				24C7A5531BE8242900E25967 /* Resources */,
			);
			buildRules = (
			);
			dependencies = (
			);
			name = GitHubTest;
			productName = GitHubTest;
			productReference = 24C7A5551BE8242900E25967 /* GitHubTest.app */;
			productType = "com.apple.product-type.application";
		};
		24C7A5751BE8242900E25967 /* GitHubTestTests */ = {
			isa = PBXNativeTarget;
			buildConfigurationList = 24C7A5891BE8242900E25967 /* Build configuration list for PBXNativeTarget "GitHubTestTests" */;
			buildPhases = (
				24C7A5721BE8242900E25967 /* Sources */,
				24C7A5731BE8242900E25967 /* Frameworks */,
				24C7A5741BE8242900E25967 /* Resources */,
			);
			buildRules = (
			);
			dependencies = (
				24C7A57B1BE8242900E25967 /* PBXTargetDependency */,
			);
			name = GitHubTestTests;
			productName = GitHubTestTests;
			productReference = 24C7A5761BE8242900E25967 /* GitHubTestTests.xctest */;
			productType = "com.apple.product-type.bundle.unit-test";
		};
/* End PBXNativeTarget section */

/* Begin PBXProject section */
		24C7A54D1BE8242900E25967 /* Project object */ = {
			isa = PBXProject;
			attributes = {
				LastUpgradeCheck = 0510;
				ORGANIZATIONNAME = "___FULLUSERNAME___";
				TargetAttributes = {
					24C7A5751BE8242900E25967 = {
						TestTargetID = 24C7A5541BE8242900E25967;
					};
				};
			};
			buildConfigurationList = 24C7A5501BE8242900E25967 /* Build configuration list for PBXProject "GitHubTest" */;
			compatibilityVersion = "Xcode 3.2";
			developmentRegion = English;
			hasScannedForEncodings = 0;
			knownRegions = (
				en,
				Base,
			);
			mainGroup = 24C7A54C1BE8242900E25967;
			productRefGroup = 24C7A5561BE8242900E25967 /* Products */;
			projectDirPath = "";
			projectRoot = "";
			targets = (
				24C7A5541BE8242900E25967 /* GitHubTest */,
				24C7A5751BE8242900E25967 /* GitHubTestTests */,
			);
		};
/* End PBXProject section */

/* Begin PBXResourcesBuildPhase section */
		24C7A5531BE8242900E25967 /* Resources */ = {
			isa = PBXResourcesBuildPhase;
			buildActionMask = 2147483647;
			files = (
				24C7A5631BE8242900E25967 /* InfoPlist.strings in Resources */,
				24C7A5711BE8242900E25967 /* Images.xcassets in Resources */,
				24C7A5691BE8242900E25967 /* Credits.rtf in Resources */,
				24C7A56F1BE8242900E25967 /* MainMenu.xib in Resources */,
			);
			runOnlyForDeploymentPostprocessing = 0;
		};
		24C7A5741BE8242900E25967 /* Resources */ = {
			isa = PBXResourcesBuildPhase;
			buildActionMask = 2147483647;
			files = (
				24C7A5811BE8242900E25967 /* InfoPlist.strings in Resources */,
			);
			runOnlyForDeploymentPostprocessing = 0;
		};
/* End PBXResourcesBuildPhase section */

/* Begin PBXSourcesBuildPhase section */
		24C7A5511BE8242900E25967 /* Sources */ = {
			isa = PBXSourcesBuildPhase;
			buildActionMask = 2147483647;
			files = (
				24C7A56C1BE8242900E25967 /* AppDelegate.m in Sources */,
				24C7A5651BE8242900E25967 /* main.m in Sources */,
			);
			runOnlyForDeploymentPostprocessing = 0;
		};
		24C7A5721BE8242900E25967 /* Sources */ = {
			isa = PBXSourcesBuildPhase;
			buildActionMask = 2147483647;
			files = (
				24C7A5831BE8242900E25967 /* GitHubTestTests.m in Sources */,
			);
			runOnlyForDeploymentPostprocessing = 0;
		};
/* End PBXSourcesBuildPhase section */

/* Begin PBXTargetDependency section */
		24C7A57B1BE8242900E25967 /* PBXTargetDependency */ = {
			isa = PBXTargetDependency;
			target = 24C7A5541BE8242900E25967 /* GitHubTest */;
			targetProxy = 24C7A57A1BE8242900E25967 /* PBXContainerItemProxy */;
		};
/* End PBXTargetDependency section */

/* Begin PBXVariantGroup section */
		24C7A5611BE8242900E25967 /* InfoPlist.strings */ = {
			isa = PBXVariantGroup;
			children = (
				24C7A5621BE8242900E25967 /* en */,
			);
			name = InfoPlist.strings;
			sourceTree = "<group>";
		};
		24C7A5671BE8242900E25967 /* Credits.rtf */ = {
			isa = PBXVariantGroup;
			children = (
				24C7A5681BE8242900E25967 /* en */,
			);
			name = Credits.rtf;
			sourceTree = "<group>";
		};
		24C7A56D1BE8242900E25967 /* MainMenu.xib */ = {
			isa = PBXVariantGroup;
			children = (
				24C7A56E1BE8242900E25967 /* Base */,
			);
			name = MainMenu.xib;
			sourceTree = "<group>";
		};
		24C7A57F1BE8242900E25967 /* InfoPlist.strings */ = {
			isa = PBXVariantGroup;
			children = (
				24C7A5801BE8242900E25967 /* en */,
			);
			name = InfoPlist.strings;
			sourceTree = "<group>";
		};
/* End PBXVariantGroup section */

/* Begin XCBuildConfiguration section */
		24C7A5841BE8242900E25967 /* Debug */ = {
			isa = XCBuildConfiguration;
			buildSettings = {
				ALWAYS_SEARCH_USER_PATHS = NO;
				CLANG_CXX_LANGUAGE_STANDARD = "gnu++0x";
				CLANG_CXX_LIBRARY = "libc++";
				CLANG_ENABLE_MODULES = YES;
				CLANG_ENABLE_OBJC_ARC = YES;
				CLANG_WARN_BOOL_CONVERSION = YES;
				CLANG_WARN_CONSTANT_CONVERSION = YES;
				CLANG_WARN_DIRECT_OBJC_ISA_USAGE = YES_ERROR;
				CLANG_WARN_EMPTY_BODY = YES;
				CLANG_WARN_ENUM_CONVERSION = YES;
				CLANG_WARN_INT_CONVERSION = YES;
				CLANG_WARN_OBJC_ROOT_CLASS = YES_ERROR;
				CLANG_WARN__DUPLICATE_METHOD_MATCH = YES;
				COPY_PHASE_STRIP = NO;
				GCC_C_LANGUAGE_STANDARD = gnu99;
				GCC_DYNAMIC_NO_PIC = NO;
				GCC_ENABLE_OBJC_EXCEPTIONS = YES;
				GCC_OPTIMIZATION_LEVEL = 0;
				GCC_PREPROCESSOR_DEFINITIONS = (
					"DEBUG=1",
					"$(inherited)",
				);
				GCC_SYMBOLS_PRIVATE_EXTERN = NO;
				GCC_WARN_64_TO_32_BIT_CONVERSION = YES;
				GCC_WARN_ABOUT_RETURN_TYPE = YES_ERROR;
				GCC_WARN_UNDECLARED_SELECTOR = YES;
				GCC_WARN_UNINITIALIZED_AUTOS = YES_AGGRESSIVE;
				GCC_WARN_UNUSED_FUNCTION = YES;
				GCC_WARN_UNUSED_VARIABLE = YES;
				MACOSX_DEPLOYMENT_TARGET = 10.9;
				ONLY_ACTIVE_ARCH = YES;
				SDKROOT = macosx;
			};
			name = Debug;
		};
		24C7A5851BE8242900E25967 /* Release */ = {
			isa = XCBuildConfiguration;
			buildSettings = {
				ALWAYS_SEARCH_USER_PATHS = NO;
				CLANG_CXX_LANGUAGE_STANDARD = "gnu++0x";
				CLANG_CXX_LIBRARY = "libc++";
				CLANG_ENABLE_MODULES = YES;
				CLANG_ENABLE_OBJC_ARC = YES;
				CLANG_WARN_BOOL_CONVERSION = YES;
				CLANG_WARN_CONSTANT_CONVERSION = YES;
				CLANG_WARN_DIRECT_OBJC_ISA_USAGE = YES_ERROR;
				CLANG_WARN_EMPTY_BODY = YES;
				CLANG_WARN_ENUM_CONVERSION = YES;
				CLANG_WARN_INT_CONVERSION = YES;
				CLANG_WARN_OBJC_ROOT_CLASS = YES_ERROR;
				CLANG_WARN__DUPLICATE_METHOD_MATCH = YES;
				COPY_PHASE_STRIP = YES;
				DEBUG_INFORMATION_FORMAT = "dwarf-with-dsym";
				ENABLE_NS_ASSERTIONS = NO;
				GCC_C_LANGUAGE_STANDARD = gnu99;
				GCC_ENABLE_OBJC_EXCEPTIONS = YES;
				GCC_WARN_64_TO_32_BIT_CONVERSION = YES;
				GCC_WARN_ABOUT_RETURN_TYPE = YES_ERROR;
				GCC_WARN_UNDECLARED_SELECTOR = YES;
				GCC_WARN_UNINITIALIZED_AUTOS = YES_AGGRESSIVE;
				GCC_WARN_UNUSED_FUNCTION = YES;
				GCC_WARN_UNUSED_VARIABLE = YES;
				MACOSX_DEPLOYMENT_TARGET = 10.9;
				SDKROOT = macosx;
			};
			name = Release;
		};
		24C7A5871BE8242900E25967 /* Debug */ = {
			isa = XCBuildConfiguration;
			buildSettings = {
				ASSETCATALOG_COMPILER_APPICON_NAME = AppIcon;
				COMBINE_HIDPI_IMAGES = YES;
				GCC_PRECOMPILE_PREFIX_HEADER = YES;
				GCC_PREFIX_HEADER = "GitHubTest/GitHubTest-Prefix.pch";
				INFOPLIST_FILE = "GitHubTest/GitHubTest-Info.plist";
				PRODUCT_NAME = "$(TARGET_NAME)";
				WRAPPER_EXTENSION = app;
			};
			name = Debug;
		};
		24C7A5881BE8242900E25967 /* Release */ = {
			isa = XCBuildConfiguration;
			buildSettings = {
				ASSETCATALOG_COMPILER_APPICON_NAME = AppIcon;
				COMBINE_HIDPI_IMAGES = YES;
				GCC_PRECOMPILE_PREFIX_HEADER = YES;
				GCC_PREFIX_HEADER = "GitHubTest/GitHubTest-Prefix.pch";
				INFOPLIST_FILE = "GitHubTest/GitHubTest-Info.plist";
				PRODUCT_NAME = "$(TARGET_NAME)";
				WRAPPER_EXTENSION = app;
			};
			name = Release;
		};
		24C7A58A1BE8242900E25967 /* Debug */ = {
			isa = XCBuildConfiguration;
			buildSettings = {
				BUNDLE_LOADER = "$(BUILT_PRODUCTS_DIR)/GitHubTest.app/Contents/MacOS/GitHubTest";
				COMBINE_HIDPI_IMAGES = YES;
				FRAMEWORK_SEARCH_PATHS = (
					"$(DEVELOPER_FRAMEWORKS_DIR)",
					"$(inherited)",
				);
				GCC_PRECOMPILE_PREFIX_HEADER = YES;
				GCC_PREFIX_HEADER = "GitHubTest/GitHubTest-Prefix.pch";
				GCC_PREPROCESSOR_DEFINITIONS = (
					"DEBUG=1",
					"$(inherited)",
				);
				INFOPLIST_FILE = "GitHubTestTests/GitHubTestTests-Info.plist";
				PRODUCT_NAME = "$(TARGET_NAME)";
				TEST_HOST = "$(BUNDLE_LOADER)";
				WRAPPER_EXTENSION = xctest;
			};
			name = Debug;
		};
		24C7A58B1BE8242900E25967 /* Release */ = {
			isa = XCBuildConfiguration;
			buildSettings = {
				BUNDLE_LOADER = "$(BUILT_PRODUCTS_DIR)/GitHubTest.app/Contents/MacOS/GitHubTest";
				COMBINE_HIDPI_IMAGES = YES;
				FRAMEWORK_SEARCH_PATHS = (
					"$(DEVELOPER_FRAMEWORKS_DIR)",
					"$(inherited)",
				);
				GCC_PRECOMPILE_PREFIX_HEADER = YES;
				GCC_PREFIX_HEADER = "GitHubTest/GitHubTest-Prefix.pch";
				INFOPLIST_FILE = "GitHubTestTests/GitHubTestTests-Info.plist";
				PRODUCT_NAME = "$(TARGET_NAME)";
				TEST_HOST = "$(BUNDLE_LOADER)";
				WRAPPER_EXTENSION = xctest;
			};
			name = Release;
		};
/* End XCBuildConfiguration section */

/* Begin XCConfigurationList section */
		24C7A5501BE8242900E25967 /* Build configuration list for PBXProject "GitHubTest" */ = {
			isa = XCConfigurationList;
			buildConfigurations = (
				24C7A5841BE8242900E25967 /* Debug */,
				24C7A5851BE8242900E25967 /* Release */,
			);
			defaultConfigurationIsVisible = 0;
			defaultConfigurationName = Release;
		};
		24C7A5861BE8242900E25967 /* Build configuration list for PBXNativeTarget "GitHubTest" */ = {
			isa = XCConfigurationList;
			buildConfigurations = (
				24C7A5871BE8242900E25967 /* Debug */,
				24C7A5881BE8242900E25967 /* Release */,
			);
			defaultConfigurationIsVisible = 0;
		};
		24C7A5891BE8242900E25967 /* Build configuration list for PBXNativeTarget "GitHubTestTests" */ = {
			isa = XCConfigurationList;
			buildConfigurations = (
				24C7A58A1BE8242900E25967 /* Debug */,
				24C7A58B1BE8242900E25967 /* Release */,
			);
			defaultConfigurationIsVisible = 0;
		};
/* End XCConfigurationList section */
	};
	rootObject = 24C7A54D1BE8242900E25967 /* Project object */;
}
